// !$*UTF8*$!
{
	archiveVersion = 1;
	classes = {
	};
	objectVersion = 54;
	objects = {

/* Begin PBXBuildFile section */
		0788D9A39216A6A48B290C73 /* ExpoModulesProvider.swift in Sources */ = {isa = PBXBuildFile; fileRef = E784976D3807D912CF900430 /* ExpoModulesProvider.swift */; };
		13B07FBF1A68108700A75B9A /* Images.xcassets in Resources */ = {isa = PBXBuildFile; fileRef = 13B07FB51A68108700A75B9A /* Images.xcassets */; };
		3E461D99554A48A4959DE609 /* SplashScreen.storyboard in Resources */ = {isa = PBXBuildFile; fileRef = AA286B85B6C04FC6940260E9 /* SplashScreen.storyboard */; };
		ADC4AF1436B846F85CFF3637 /* PrivacyInfo.xcprivacy in Resources */ = {isa = PBXBuildFile; fileRef = FD93275ABB05EB28913315E8 /* PrivacyInfo.xcprivacy */; };
		BB2F792D24A3F905000567C9 /* Expo.plist in Resources */ = {isa = PBXBuildFile; fileRef = BB2F792C24A3F905000567C9 /* Expo.plist */; };
		DC5FBC195FC23ED5A135DDBF /* libPods-CsaldiKltsgvets.a in Frameworks */ = {isa = PBXBuildFile; fileRef = 292AD8D84A4181735D9DD5DD /* libPods-CsaldiKltsgvets.a */; };
		F11748422D0307B40044C1D9 /* AppDelegate.swift in Sources */ = {isa = PBXBuildFile; fileRef = F11748412D0307B40044C1D9 /* AppDelegate.swift */; };
		F117484A2D0723100044C1D9 /* main.jsbundle in Resources */ = {isa = PBXBuildFile; fileRef = F11748492D0723100044C1D9 /* main.jsbundle */; };
		F1FONT01000000000001 /* AntDesign.ttf in Resources */ = {isa = PBXBuildFile; fileRef = F1FONTREF01000000001 /* AntDesign.ttf */; };
		F1FONT02000000000001 /* Entypo.ttf in Resources */ = {isa = PBXBuildFile; fileRef = F1FONTREF02000000001 /* Entypo.ttf */; };
		F1FONT03000000000001 /* EvilIcons.ttf in Resources */ = {isa = PBXBuildFile; fileRef = F1FONTREF03000000001 /* EvilIcons.ttf */; };
		F1FONT04000000000001 /* Feather.ttf in Resources */ = {isa = PBXBuildFile; fileRef = F1FONTREF04000000001 /* Feather.ttf */; };
		F1FONT05000000000001 /* FontAwesome.ttf in Resources */ = {isa = PBXBuildFile; fileRef = F1FONTREF05000000001 /* FontAwesome.ttf */; };
		F1FONT06000000000001 /* FontAwesome5_Brands.ttf in Resources */ = {isa = PBXBuildFile; fileRef = F1FONTREF06000000001 /* FontAwesome5_Brands.ttf */; };
		F1FONT07000000000001 /* FontAwesome5_Regular.ttf in Resources */ = {isa = PBXBuildFile; fileRef = F1FONTREF07000000001 /* FontAwesome5_Regular.ttf */; };
		F1FONT08000000000001 /* FontAwesome5_Solid.ttf in Resources */ = {isa = PBXBuildFile; fileRef = F1FONTREF08000000001 /* FontAwesome5_Solid.ttf */; };
		F1FONT09000000000001 /* FontAwesome6_Brands.ttf in Resources */ = {isa = PBXBuildFile; fileRef = F1FONTREF09000000001 /* FontAwesome6_Brands.ttf */; };
		F1FONT10000000000001 /* FontAwesome6_Regular.ttf in Resources */ = {isa = PBXBuildFile; fileRef = F1FONTREF10000000001 /* FontAwesome6_Regular.ttf */; };
		F1FONT11000000000001 /* FontAwesome6_Solid.ttf in Resources */ = {isa = PBXBuildFile; fileRef = F1FONTREF11000000001 /* FontAwesome6_Solid.ttf */; };
		F1FONT12000000000001 /* Fontisto.ttf in Resources */ = {isa = PBXBuildFile; fileRef = F1FONTREF12000000001 /* Fontisto.ttf */; };
		F1FONT13000000000001 /* Foundation.ttf in Resources */ = {isa = PBXBuildFile; fileRef = F1FONTREF13000000001 /* Foundation.ttf */; };
		F1FONT14000000000001 /* Ionicons.ttf in Resources */ = {isa = PBXBuildFile; fileRef = F1FONTREF14000000001 /* Ionicons.ttf */; };
		F1FONT15000000000001 /* MaterialCommunityIcons.ttf in Resources */ = {isa = PBXBuildFile; fileRef = F1FONTREF15000000001 /* MaterialCommunityIcons.ttf */; };
		F1FONT16000000000001 /* MaterialIcons.ttf in Resources */ = {isa = PBXBuildFile; fileRef = F1FONTREF16000000001 /* MaterialIcons.ttf */; };
		F1FONT17000000000001 /* Octicons.ttf in Resources */ = {isa = PBXBuildFile; fileRef = F1FONTREF17000000001 /* Octicons.ttf */; };
		F1FONT18000000000001 /* SimpleLineIcons.ttf in Resources */ = {isa = PBXBuildFile; fileRef = F1FONTREF18000000001 /* SimpleLineIcons.ttf */; };
		F1FONT19000000000001 /* Zocial.ttf in Resources */ = {isa = PBXBuildFile; fileRef = F1FONTREF19000000001 /* Zocial.ttf */; };
		247AB65986884BCDB1470F44 /* AntDesign.ttf in Resources */ = {isa = PBXBuildFile; fileRef = DBB304A66AF14798B5F9AE66 /* AntDesign.ttf */; };
		A03085A91F884D589A1742B6 /* Entypo.ttf in Resources */ = {isa = PBXBuildFile; fileRef = F0BB7D22AB464827AAFE8C0D /* Entypo.ttf */; };
		736BA1E1C9D74D4C83CB6B42 /* EvilIcons.ttf in Resources */ = {isa = PBXBuildFile; fileRef = FC3F145D974C4921997AA852 /* EvilIcons.ttf */; };
		D8CA8AD247654EE192A15ED9 /* Feather.ttf in Resources */ = {isa = PBXBuildFile; fileRef = 98CFEC53E05A4C5980DE777C /* Feather.ttf */; };
		91A80D7A42D84B20A1F0E539 /* FontAwesome.ttf in Resources */ = {isa = PBXBuildFile; fileRef = 83B056E9F4C64E28BE066A93 /* FontAwesome.ttf */; };
		D027AA7B338F48C5AA0D5530 /* FontAwesome5_Brands.ttf in Resources */ = {isa = PBXBuildFile; fileRef = B430AF008B394F1DB141B4A4 /* FontAwesome5_Brands.ttf */; };
		01A29FE8B630452CB4BB51A2 /* FontAwesome5_Regular.ttf in Resources */ = {isa = PBXBuildFile; fileRef = 3539A713BFF74D068835D8FD /* FontAwesome5_Regular.ttf */; };
		E6F512B27A6C4B1291B65C6A /* FontAwesome5_Solid.ttf in Resources */ = {isa = PBXBuildFile; fileRef = 9D1AF7BE8E6C4BBEB6C07DC7 /* FontAwesome5_Solid.ttf */; };
		BA6D1FA1B7DE4D49AA96C28C /* FontAwesome6_Brands.ttf in Resources */ = {isa = PBXBuildFile; fileRef = F5BA47415C4D40939D608434 /* FontAwesome6_Brands.ttf */; };
		518733BB906745E0B7B5DF76 /* FontAwesome6_Regular.ttf in Resources */ = {isa = PBXBuildFile; fileRef = 6D6CDBD050F54F25A2F0BE34 /* FontAwesome6_Regular.ttf */; };
		3AA848E3192F40FA8F03003F /* FontAwesome6_Solid.ttf in Resources */ = {isa = PBXBuildFile; fileRef = 517CFF12860E41B995749E0D /* FontAwesome6_Solid.ttf */; };
		97BB5EC6B455429E84E06B6E /* Fontisto.ttf in Resources */ = {isa = PBXBuildFile; fileRef = D2C77E9C4278454088F7DA71 /* Fontisto.ttf */; };
		369553579F3642A599017119 /* Foundation.ttf in Resources */ = {isa = PBXBuildFile; fileRef = 3E189CE173B1428283F33AFA /* Foundation.ttf */; };
		D9598980B79349B0A2175FC8 /* Ionicons.ttf in Resources */ = {isa = PBXBuildFile; fileRef = D36FA909972E428E9E1B15C4 /* Ionicons.ttf */; };
		10D8FE546E35401BBAC62E69 /* MaterialCommunityIcons.ttf in Resources */ = {isa = PBXBuildFile; fileRef = F2BF96C4B8474D56951A9F52 /* MaterialCommunityIcons.ttf */; };
		751089E8433B451D987D60ED /* MaterialIcons.ttf in Resources */ = {isa = PBXBuildFile; fileRef = 2F25915B36164829ADF1FD87 /* MaterialIcons.ttf */; };
		40EA378650224FEE8FADF934 /* Octicons.ttf in Resources */ = {isa = PBXBuildFile; fileRef = 06706D84A84F4EBC9BC5178C /* Octicons.ttf */; };
		8D12D91A8883457AB1CBAB4A /* SimpleLineIcons.ttf in Resources */ = {isa = PBXBuildFile; fileRef = 552A38E04B434623BF3982E0 /* SimpleLineIcons.ttf */; };
		72CEBA3D4BB34B308DFE32E0 /* Zocial.ttf in Resources */ = {isa = PBXBuildFile; fileRef = C359FE5873984417938EE619 /* Zocial.ttf */; };
/* End PBXBuildFile section */

/* Begin PBXFileReference section */
		100AC38E9F89B1677AC52EE0 /* Pods-CsaldiKltsgvets.release.xcconfig */ = {isa = PBXFileReference; includeInIndex = 1; lastKnownFileType = text.xcconfig; name = "Pods-CsaldiKltsgvets.release.xcconfig"; path = "Target Support Files/Pods-CsaldiKltsgvets/Pods-CsaldiKltsgvets.release.xcconfig"; sourceTree = "<group>"; };
		13B07F961A680F5B00A75B9A /* CsaldiKltsgvets.app */ = {isa = PBXFileReference; explicitFileType = wrapper.application; includeInIndex = 0; path = CsaldiKltsgvets.app; sourceTree = BUILT_PRODUCTS_DIR; };
		13B07FB51A68108700A75B9A /* Images.xcassets */ = {isa = PBXFileReference; lastKnownFileType = folder.assetcatalog; name = Images.xcassets; path = CsaldiKltsgvets/Images.xcassets; sourceTree = "<group>"; };
		13B07FB61A68108700A75B9A /* Info.plist */ = {isa = PBXFileReference; fileEncoding = 4; lastKnownFileType = text.plist.xml; name = Info.plist; path = CsaldiKltsgvets/Info.plist; sourceTree = "<group>"; };
		2863644E3E59021C9AA414D2 /* Pods-CsaldiKltsgvets.debug.xcconfig */ = {isa = PBXFileReference; includeInIndex = 1; lastKnownFileType = text.xcconfig; name = "Pods-CsaldiKltsgvets.debug.xcconfig"; path = "Target Support Files/Pods-CsaldiKltsgvets/Pods-CsaldiKltsgvets.debug.xcconfig"; sourceTree = "<group>"; };
		292AD8D84A4181735D9DD5DD /* libPods-CsaldiKltsgvets.a */ = {isa = PBXFileReference; explicitFileType = archive.ar; includeInIndex = 0; path = "libPods-CsaldiKltsgvets.a"; sourceTree = BUILT_PRODUCTS_DIR; };
		AA286B85B6C04FC6940260E9 /* SplashScreen.storyboard */ = {isa = PBXFileReference; fileEncoding = 4; lastKnownFileType = file.storyboard; name = SplashScreen.storyboard; path = CsaldiKltsgvets/SplashScreen.storyboard; sourceTree = "<group>"; };
		BB2F792C24A3F905000567C9 /* Expo.plist */ = {isa = PBXFileReference; fileEncoding = 4; lastKnownFileType = text.plist.xml; path = Expo.plist; sourceTree = "<group>"; };
		E784976D3807D912CF900430 /* ExpoModulesProvider.swift */ = {isa = PBXFileReference; includeInIndex = 1; lastKnownFileType = sourcecode.swift; name = ExpoModulesProvider.swift; path = "Pods/Target Support Files/Pods-CsaldiKltsgvets/ExpoModulesProvider.swift"; sourceTree = "<group>"; };
		ED297162215061F000B7C4FE /* JavaScriptCore.framework */ = {isa = PBXFileReference; lastKnownFileType = wrapper.framework; name = JavaScriptCore.framework; path = System/Library/Frameworks/JavaScriptCore.framework; sourceTree = SDKROOT; };
		F11748412D0307B40044C1D9 /* AppDelegate.swift */ = {isa = PBXFileReference; lastKnownFileType = sourcecode.swift; name = AppDelegate.swift; path = CsaldiKltsgvets/AppDelegate.swift; sourceTree = "<group>"; };
		F11748442D0722820044C1D9 /* CsaldiKltsgvets-Bridging-Header.h */ = {isa = PBXFileReference; lastKnownFileType = sourcecode.c.h; name = "CsaldiKltsgvets-Bridging-Header.h"; path = "CsaldiKltsgvets/CsaldiKltsgvets-Bridging-Header.h"; sourceTree = "<group>"; };
		F11748492D0723100044C1D9 /* main.jsbundle */ = {isa = PBXFileReference; lastKnownFileType = text; path = main.jsbundle; sourceTree = "<group>"; };
		FD93275ABB05EB28913315E8 /* PrivacyInfo.xcprivacy */ = {isa = PBXFileReference; includeInIndex = 1; lastKnownFileType = text.xml; name = PrivacyInfo.xcprivacy; path = CsaldiKltsgvets/PrivacyInfo.xcprivacy; sourceTree = "<group>"; };
		DBB304A66AF14798B5F9AE66 /* AntDesign.ttf */ = {isa = PBXFileReference; name = "AntDesign.ttf"; path = "CsaldiKltsgvets/Fonts/AntDesign.ttf"; sourceTree = "<group>"; fileEncoding = undefined; lastKnownFileType = unknown; explicitFileType = undefined; includeInIndex = 0; };
		F0BB7D22AB464827AAFE8C0D /* Entypo.ttf */ = {isa = PBXFileReference; name = "Entypo.ttf"; path = "CsaldiKltsgvets/Fonts/Entypo.ttf"; sourceTree = "<group>"; fileEncoding = undefined; lastKnownFileType = unknown; explicitFileType = undefined; includeInIndex = 0; };
		FC3F145D974C4921997AA852 /* EvilIcons.ttf */ = {isa = PBXFileReference; name = "EvilIcons.ttf"; path = "CsaldiKltsgvets/Fonts/EvilIcons.ttf"; sourceTree = "<group>"; fileEncoding = undefined; lastKnownFileType = unknown; explicitFileType = undefined; includeInIndex = 0; };
		98CFEC53E05A4C5980DE777C /* Feather.ttf */ = {isa = PBXFileReference; name = "Feather.ttf"; path = "CsaldiKltsgvets/Fonts/Feather.ttf"; sourceTree = "<group>"; fileEncoding = undefined; lastKnownFileType = unknown; explicitFileType = undefined; includeInIndex = 0; };
		83B056E9F4C64E28BE066A93 /* FontAwesome.ttf */ = {isa = PBXFileReference; name = "FontAwesome.ttf"; path = "CsaldiKltsgvets/Fonts/FontAwesome.ttf"; sourceTree = "<group>"; fileEncoding = undefined; lastKnownFileType = unknown; explicitFileType = undefined; includeInIndex = 0; };
		B430AF008B394F1DB141B4A4 /* FontAwesome5_Brands.ttf */ = {isa = PBXFileReference; name = "FontAwesome5_Brands.ttf"; path = "CsaldiKltsgvets/Fonts/FontAwesome5_Brands.ttf"; sourceTree = "<group>"; fileEncoding = undefined; lastKnownFileType = unknown; explicitFileType = undefined; includeInIndex = 0; };
		3539A713BFF74D068835D8FD /* FontAwesome5_Regular.ttf */ = {isa = PBXFileReference; name = "FontAwesome5_Regular.ttf"; path = "CsaldiKltsgvets/Fonts/FontAwesome5_Regular.ttf"; sourceTree = "<group>"; fileEncoding = undefined; lastKnownFileType = unknown; explicitFileType = undefined; includeInIndex = 0; };
		9D1AF7BE8E6C4BBEB6C07DC7 /* FontAwesome5_Solid.ttf */ = {isa = PBXFileReference; name = "FontAwesome5_Solid.ttf"; path = "CsaldiKltsgvets/Fonts/FontAwesome5_Solid.ttf"; sourceTree = "<group>"; fileEncoding = undefined; lastKnownFileType = unknown; explicitFileType = undefined; includeInIndex = 0; };
		F5BA47415C4D40939D608434 /* FontAwesome6_Brands.ttf */ = {isa = PBXFileReference; name = "FontAwesome6_Brands.ttf"; path = "CsaldiKltsgvets/Fonts/FontAwesome6_Brands.ttf"; sourceTree = "<group>"; fileEncoding = undefined; lastKnownFileType = unknown; explicitFileType = undefined; includeInIndex = 0; };
		6D6CDBD050F54F25A2F0BE34 /* FontAwesome6_Regular.ttf */ = {isa = PBXFileReference; name = "FontAwesome6_Regular.ttf"; path = "CsaldiKltsgvets/Fonts/FontAwesome6_Regular.ttf"; sourceTree = "<group>"; fileEncoding = undefined; lastKnownFileType = unknown; explicitFileType = undefined; includeInIndex = 0; };
		517CFF12860E41B995749E0D /* FontAwesome6_Solid.ttf */ = {isa = PBXFileReference; name = "FontAwesome6_Solid.ttf"; path = "CsaldiKltsgvets/Fonts/FontAwesome6_Solid.ttf"; sourceTree = "<group>"; fileEncoding = undefined; lastKnownFileType = unknown; explicitFileType = undefined; includeInIndex = 0; };
		D2C77E9C4278454088F7DA71 /* Fontisto.ttf */ = {isa = PBXFileReference; name = "Fontisto.ttf"; path = "CsaldiKltsgvets/Fonts/Fontisto.ttf"; sourceTree = "<group>"; fileEncoding = undefined; lastKnownFileType = unknown; explicitFileType = undefined; includeInIndex = 0; };
		3E189CE173B1428283F33AFA /* Foundation.ttf */ = {isa = PBXFileReference; name = "Foundation.ttf"; path = "CsaldiKltsgvets/Fonts/Foundation.ttf"; sourceTree = "<group>"; fileEncoding = undefined; lastKnownFileType = unknown; explicitFileType = undefined; includeInIndex = 0; };
		D36FA909972E428E9E1B15C4 /* Ionicons.ttf */ = {isa = PBXFileReference; name = "Ionicons.ttf"; path = "CsaldiKltsgvets/Fonts/Ionicons.ttf"; sourceTree = "<group>"; fileEncoding = undefined; lastKnownFileType = unknown; explicitFileType = undefined; includeInIndex = 0; };
		F2BF96C4B8474D56951A9F52 /* MaterialCommunityIcons.ttf */ = {isa = PBXFileReference; name = "MaterialCommunityIcons.ttf"; path = "CsaldiKltsgvets/Fonts/MaterialCommunityIcons.ttf"; sourceTree = "<group>"; fileEncoding = undefined; lastKnownFileType = unknown; explicitFileType = undefined; includeInIndex = 0; };
		2F25915B36164829ADF1FD87 /* MaterialIcons.ttf */ = {isa = PBXFileReference; name = "MaterialIcons.ttf"; path = "CsaldiKltsgvets/Fonts/MaterialIcons.ttf"; sourceTree = "<group>"; fileEncoding = undefined; lastKnownFileType = unknown; explicitFileType = undefined; includeInIndex = 0; };
		06706D84A84F4EBC9BC5178C /* Octicons.ttf */ = {isa = PBXFileReference; name = "Octicons.ttf"; path = "CsaldiKltsgvets/Fonts/Octicons.ttf"; sourceTree = "<group>"; fileEncoding = undefined; lastKnownFileType = unknown; explicitFileType = undefined; includeInIndex = 0; };
		552A38E04B434623BF3982E0 /* SimpleLineIcons.ttf */ = {isa = PBXFileReference; name = "SimpleLineIcons.ttf"; path = "CsaldiKltsgvets/Fonts/SimpleLineIcons.ttf"; sourceTree = "<group>"; fileEncoding = undefined; lastKnownFileType = unknown; explicitFileType = undefined; includeInIndex = 0; };
		C359FE5873984417938EE619 /* Zocial.ttf */ = {isa = PBXFileReference; name = "Zocial.ttf"; path = "CsaldiKltsgvets/Fonts/Zocial.ttf"; sourceTree = "<group>"; fileEncoding = undefined; lastKnownFileType = unknown; explicitFileType = undefined; includeInIndex = 0; };
/* End PBXFileReference section */

/* Begin PBXFrameworksBuildPhase section */
		13B07F8C1A680F5B00A75B9A /* Frameworks */ = {
			isa = PBXFrameworksBuildPhase;
			buildActionMask = 2147483647;
			files = (
				DC5FBC195FC23ED5A135DDBF /* libPods-CsaldiKltsgvets.a in Frameworks */,
			);
			runOnlyForDeploymentPostprocessing = 0;
		};
/* End PBXFrameworksBuildPhase section */

/* Begin PBXGroup section */
		13B07FAE1A68108700A75B9A /* CsaldiKltsgvets */ = {
			isa = PBXGroup;
			children = (
				F11748412D0307B40044C1D9 /* AppDelegate.swift */,
				F11748442D0722820044C1D9 /* CsaldiKltsgvets-Bridging-Header.h */,
				BB2F792B24A3F905000567C9 /* Supporting */,
				13B07FB51A68108700A75B9A /* Images.xcassets */,
				13B07FB61A68108700A75B9A /* Info.plist */,
				AA286B85B6C04FC6940260E9 /* SplashScreen.storyboard */,
				FD93275ABB05EB28913315E8 /* PrivacyInfo.xcprivacy */,
				F11748492D0723100044C1D9 /* main.jsbundle */,
			);
			name = CsaldiKltsgvets;
			sourceTree = "<group>";
		};
		2D16E6871FA4F8E400B85C8A /* Frameworks */ = {
			isa = PBXGroup;
			children = (
				ED297162215061F000B7C4FE /* JavaScriptCore.framework */,
				292AD8D84A4181735D9DD5DD /* libPods-CsaldiKltsgvets.a */,
			);
			name = Frameworks;
			sourceTree = "<group>";
		};
		3BBE0569FCC191E2FAA060DC /* CsaldiKltsgvets */ = {
			isa = PBXGroup;
			children = (
				E784976D3807D912CF900430 /* ExpoModulesProvider.swift */,
			);
			name = CsaldiKltsgvets;
			sourceTree = "<group>";
		};
		832341AE1AAA6A7D00B99B32 /* Libraries */ = {
			isa = PBXGroup;
			children = (
			);
			name = Libraries;
			sourceTree = "<group>";
		};
		83CBB9F61A601CBA00E9B192 = {
			isa = PBXGroup;
			children = (
				13B07FAE1A68108700A75B9A /* CsaldiKltsgvets */,
				832341AE1AAA6A7D00B99B32 /* Libraries */,
				83CBBA001A601CBA00E9B192 /* Products */,
				2D16E6871FA4F8E400B85C8A /* Frameworks */,
				D7C7AA92CA3A43D9D45FFD32 /* Pods */,
				D30C3803D27E46269C91EDAF /* ExpoModulesProviders */,
				89B72B0BE1374AD485AEBCBB /* Resources */,
			);
			indentWidth = 2;
			sourceTree = "<group>";
			tabWidth = 2;
			usesTabs = 0;
		};
		83CBBA001A601CBA00E9B192 /* Products */ = {
			isa = PBXGroup;
			children = (
				13B07F961A680F5B00A75B9A /* CsaldiKltsgvets.app */,
			);
			name = Products;
			sourceTree = "<group>";
		};
		BB2F792B24A3F905000567C9 /* Supporting */ = {
			isa = PBXGroup;
			children = (
				BB2F792C24A3F905000567C9 /* Expo.plist */,
			);
			name = Supporting;
			path = CsaldiKltsgvets/Supporting;
			sourceTree = "<group>";
		};
		D30C3803D27E46269C91EDAF /* ExpoModulesProviders */ = {
			isa = PBXGroup;
			children = (
				3BBE0569FCC191E2FAA060DC /* CsaldiKltsgvets */,
			);
			name = ExpoModulesProviders;
			sourceTree = "<group>";
		};
		D7C7AA92CA3A43D9D45FFD32 /* Pods */ = {
			isa = PBXGroup;
			children = (
				2863644E3E59021C9AA414D2 /* Pods-CsaldiKltsgvets.debug.xcconfig */,
				100AC38E9F89B1677AC52EE0 /* Pods-CsaldiKltsgvets.release.xcconfig */,
			);
			path = Pods;
			sourceTree = "<group>";
		};
		89B72B0BE1374AD485AEBCBB /* Resources */ = {
			isa = "PBXGroup";
			children = (
				DBB304A66AF14798B5F9AE66 /* AntDesign.ttf */,
				F0BB7D22AB464827AAFE8C0D /* Entypo.ttf */,
				FC3F145D974C4921997AA852 /* EvilIcons.ttf */,
				98CFEC53E05A4C5980DE777C /* Feather.ttf */,
				83B056E9F4C64E28BE066A93 /* FontAwesome.ttf */,
				B430AF008B394F1DB141B4A4 /* FontAwesome5_Brands.ttf */,
				3539A713BFF74D068835D8FD /* FontAwesome5_Regular.ttf */,
				9D1AF7BE8E6C4BBEB6C07DC7 /* FontAwesome5_Solid.ttf */,
				F5BA47415C4D40939D608434 /* FontAwesome6_Brands.ttf */,
				6D6CDBD050F54F25A2F0BE34 /* FontAwesome6_Regular.ttf */,
				517CFF12860E41B995749E0D /* FontAwesome6_Solid.ttf */,
				D2C77E9C4278454088F7DA71 /* Fontisto.ttf */,
				3E189CE173B1428283F33AFA /* Foundation.ttf */,
				D36FA909972E428E9E1B15C4 /* Ionicons.ttf */,
				F2BF96C4B8474D56951A9F52 /* MaterialCommunityIcons.ttf */,
				2F25915B36164829ADF1FD87 /* MaterialIcons.ttf */,
				06706D84A84F4EBC9BC5178C /* Octicons.ttf */,
				552A38E04B434623BF3982E0 /* SimpleLineIcons.ttf */,
				C359FE5873984417938EE619 /* Zocial.ttf */,
			);
			name = Resources;
			sourceTree = "<group>";
			path = "";
		};
/* End PBXGroup section */

/* Begin PBXNativeTarget section */
		13B07F861A680F5B00A75B9A /* CsaldiKltsgvets */ = {
			isa = PBXNativeTarget;
			buildConfigurationList = 13B07F931A680F5B00A75B9A /* Build configuration list for PBXNativeTarget "CsaldiKltsgvets" */;
			buildPhases = (
				08A4A3CD28434E44B6B9DE2E /* [CP] Check Pods Manifest.lock */,
				70ACDD170A2FDABEFB79D892 /* [Expo] Configure project */,
				13B07F871A680F5B00A75B9A /* Sources */,
				13B07F8C1A680F5B00A75B9A /* Frameworks */,
				13B07F8E1A680F5B00A75B9A /* Resources */,
				00DD1BFF1BD5951E006B06BC /* Bundle React Native code and images */,
				800E24972A6A228C8D4807E9 /* [CP] Copy Pods Resources */,
				10A8918DA59AD1C93977684A /* [CP] Embed Pods Frameworks */,
			);
			buildRules = (
			);
			dependencies = (
			);
			name = CsaldiKltsgvets;
			productName = CsaldiKltsgvets;
			productReference = 13B07F961A680F5B00A75B9A /* CsaldiKltsgvets.app */;
			productType = "com.apple.product-type.application";
		};
/* End PBXNativeTarget section */

/* Begin PBXProject section */
		83CBB9F71A601CBA00E9B192 /* Project object */ = {
			isa = PBXProject;
			attributes = {
				LastUpgradeCheck = 1130;
				TargetAttributes = {
					13B07F861A680F5B00A75B9A = {
						LastSwiftMigration = 1250;
					};
				};
			};
			buildConfigurationList = 83CBB9FA1A601CBA00E9B192 /* Build configuration list for PBXProject "CsaldiKltsgvets" */;
			compatibilityVersion = "Xcode 3.2";
			developmentRegion = en;
			hasScannedForEncodings = 0;
			knownRegions = (
				en,
				Base,
			);
			mainGroup = 83CBB9F61A601CBA00E9B192;
			productRefGroup = 83CBBA001A601CBA00E9B192 /* Products */;
			projectDirPath = "";
			projectRoot = "";
			targets = (
				13B07F861A680F5B00A75B9A /* CsaldiKltsgvets */,
			);
		};
/* End PBXProject section */

/* Begin PBXResourcesBuildPhase section */
		13B07F8E1A680F5B00A75B9A /* Resources */ = {
			isa = PBXResourcesBuildPhase;
			buildActionMask = 2147483647;
			files = (
				BB2F792D24A3F905000567C9 /* Expo.plist in Resources */,
				13B07FBF1A68108700A75B9A /* Images.xcassets in Resources */,
				3E461D99554A48A4959DE609 /* SplashScreen.storyboard in Resources */,
				ADC4AF1436B846F85CFF3637 /* PrivacyInfo.xcprivacy in Resources */,
				F117484A2D0723100044C1D9 /* main.jsbundle in Resources */,
				247AB65986884BCDB1470F44 /* AntDesign.ttf in Resources */,
				A03085A91F884D589A1742B6 /* Entypo.ttf in Resources */,
				736BA1E1C9D74D4C83CB6B42 /* EvilIcons.ttf in Resources */,
				D8CA8AD247654EE192A15ED9 /* Feather.ttf in Resources */,
				91A80D7A42D84B20A1F0E539 /* FontAwesome.ttf in Resources */,
				D027AA7B338F48C5AA0D5530 /* FontAwesome5_Brands.ttf in Resources */,
				01A29FE8B630452CB4BB51A2 /* FontAwesome5_Regular.ttf in Resources */,
				E6F512B27A6C4B1291B65C6A /* FontAwesome5_Solid.ttf in Resources */,
				BA6D1FA1B7DE4D49AA96C28C /* FontAwesome6_Brands.ttf in Resources */,
				518733BB906745E0B7B5DF76 /* FontAwesome6_Regular.ttf in Resources */,
				3AA848E3192F40FA8F03003F /* FontAwesome6_Solid.ttf in Resources */,
				97BB5EC6B455429E84E06B6E /* Fontisto.ttf in Resources */,
				369553579F3642A599017119 /* Foundation.ttf in Resources */,
				D9598980B79349B0A2175FC8 /* Ionicons.ttf in Resources */,
				10D8FE546E35401BBAC62E69 /* MaterialCommunityIcons.ttf in Resources */,
				751089E8433B451D987D60ED /* MaterialIcons.ttf in Resources */,
				40EA378650224FEE8FADF934 /* Octicons.ttf in Resources */,
				8D12D91A8883457AB1CBAB4A /* SimpleLineIcons.ttf in Resources */,
				72CEBA3D4BB34B308DFE32E0 /* Zocial.ttf in Resources */,
			);
			runOnlyForDeploymentPostprocessing = 0;
		};
/* End PBXResourcesBuildPhase section */

/* Begin PBXShellScriptBuildPhase section */
		00DD1BFF1BD5951E006B06BC /* Bundle React Native code and images */ = {
			isa = PBXShellScriptBuildPhase;
			alwaysOutOfDate = 1;
			buildActionMask = 2147483647;
			files = (
			);
			inputPaths = (
				"$(SRCROOT)/.xcode.env",
				"$(SRCROOT)/.xcode.env.local",
			);
			name = "Bundle React Native code and images";
			outputPaths = (
			);
			runOnlyForDeploymentPostprocessing = 0;
			shellPath = /bin/sh;
			shellScript = "if [[ -f \"$PODS_ROOT/../.xcode.env\" ]]; then\n  source \"$PODS_ROOT/../.xcode.env\"\nfi\nif [[ -f \"$PODS_ROOT/../.xcode.env.local\" ]]; then\n  source \"$PODS_ROOT/../.xcode.env.local\"\nfi\n\n# The project root by default is one level up from the ios directory\nexport PROJECT_ROOT=\"$PROJECT_DIR\"/..\n\nif [[ \"$CONFIGURATION\" = *Debug* ]]; then\n  export SKIP_BUNDLING=1\nfi\nif [[ -z \"$ENTRY_FILE\" ]]; then\n  # Set the entry JS file using the bundler's entry resolution.\n  export ENTRY_FILE=\"$(\"$NODE_BINARY\" -e \"require('expo/scripts/resolveAppEntry')\" \"$PROJECT_ROOT\" ios absolute | tail -n 1)\"\nfi\n\nif [[ -z \"$CLI_PATH\" ]]; then\n  # Use Expo CLI\n  export CLI_PATH=\"$(\"$NODE_BINARY\" --print \"require.resolve('@expo/cli', { paths: [require.resolve('expo/package.json')] })\")\"\nfi\nif [[ -z \"$BUNDLE_COMMAND\" ]]; then\n  # Default Expo CLI command for bundling\n  export BUNDLE_COMMAND=\"export:embed\"\nfi\n\n# Source .xcode.env.updates if it exists to allow\n# SKIP_BUNDLING to be unset if needed\nif [[ -f \"$PODS_ROOT/../.xcode.env.updates\" ]]; then\n  source \"$PODS_ROOT/../.xcode.env.updates\"\nfi\n# Source local changes to allow overrides\n# if needed\nif [[ -f \"$PODS_ROOT/../.xcode.env.local\" ]]; then\n  source \"$PODS_ROOT/../.xcode.env.local\"\nfi\n\n`\"$NODE_BINARY\" --print \"require('path').dirname(require.resolve('react-native/package.json')) + '/scripts/react-native-xcode.sh'\"`\n\n";
		};
		08A4A3CD28434E44B6B9DE2E /* [CP] Check Pods Manifest.lock */ = {
			isa = PBXShellScriptBuildPhase;
			buildActionMask = 2147483647;
			files = (
			);
			inputFileListPaths = (
			);
			inputPaths = (
				"${PODS_PODFILE_DIR_PATH}/Podfile.lock",
				"${PODS_ROOT}/Manifest.lock",
			);
			name = "[CP] Check Pods Manifest.lock";
			outputFileListPaths = (
			);
			outputPaths = (
				"$(DERIVED_FILE_DIR)/Pods-CsaldiKltsgvets-checkManifestLockResult.txt",
			);
			runOnlyForDeploymentPostprocessing = 0;
			shellPath = /bin/sh;
			shellScript = "diff \"${PODS_PODFILE_DIR_PATH}/Podfile.lock\" \"${PODS_ROOT}/Manifest.lock\" > /dev/null\nif [ $? != 0 ] ; then\n    # print error to STDERR\n    echo \"error: The sandbox is not in sync with the Podfile.lock. Run 'pod install' or update your CocoaPods installation.\" >&2\n    exit 1\nfi\n# This output is used by Xcode 'outputs' to avoid re-running this script phase.\necho \"SUCCESS\" > \"${SCRIPT_OUTPUT_FILE_0}\"\n";
			showEnvVarsInLog = 0;
		};
		10A8918DA59AD1C93977684A /* [CP] Embed Pods Frameworks */ = {
			isa = PBXShellScriptBuildPhase;
			buildActionMask = 2147483647;
			files = (
			);
			inputPaths = (
				"${PODS_ROOT}/Target Support Files/Pods-CsaldiKltsgvets/Pods-CsaldiKltsgvets-frameworks.sh",
				"${PODS_XCFRAMEWORKS_BUILD_DIR}/React-Core-prebuilt/React.framework/React",
				"${PODS_XCFRAMEWORKS_BUILD_DIR}/ReactNativeDependencies/ReactNativeDependencies.framework/ReactNativeDependencies",
				"${PODS_XCFRAMEWORKS_BUILD_DIR}/hermes-engine/Pre-built/hermes.framework/hermes",
			);
			name = "[CP] Embed Pods Frameworks";
			outputPaths = (
				"${TARGET_BUILD_DIR}/${FRAMEWORKS_FOLDER_PATH}/React.framework",
				"${TARGET_BUILD_DIR}/${FRAMEWORKS_FOLDER_PATH}/ReactNativeDependencies.framework",
				"${TARGET_BUILD_DIR}/${FRAMEWORKS_FOLDER_PATH}/hermes.framework",
			);
			runOnlyForDeploymentPostprocessing = 0;
			shellPath = /bin/sh;
			shellScript = "\"${PODS_ROOT}/Target Support Files/Pods-CsaldiKltsgvets/Pods-CsaldiKltsgvets-frameworks.sh\"\n";
			showEnvVarsInLog = 0;
		};
		70ACDD170A2FDABEFB79D892 /* [Expo] Configure project */ = {
			isa = PBXShellScriptBuildPhase;
			alwaysOutOfDate = 1;
			buildActionMask = 2147483647;
			files = (
			);
			inputFileListPaths = (
			);
			inputPaths = (
				"$(SRCROOT)/.xcode.env",
				"$(SRCROOT)/.xcode.env.local",
				"$(SRCROOT)/CsaldiKltsgvets/CsaldiKltsgvets.entitlements",
				"$(SRCROOT)/Pods/Target Support Files/Pods-CsaldiKltsgvets/expo-configure-project.sh",
			);
			name = "[Expo] Configure project";
			outputFileListPaths = (
			);
			outputPaths = (
				"$(SRCROOT)/Pods/Target Support Files/Pods-CsaldiKltsgvets/ExpoModulesProvider.swift",
			);
			runOnlyForDeploymentPostprocessing = 0;
			shellPath = /bin/sh;
			shellScript = "# This script configures Expo modules and generates the modules provider file.\nbash -l -c \"./Pods/Target\\ Support\\ Files/Pods-CsaldiKltsgvets/expo-configure-project.sh\"\n";
		};
		800E24972A6A228C8D4807E9 /* [CP] Copy Pods Resources */ = {
			isa = PBXShellScriptBuildPhase;
			buildActionMask = 2147483647;
			files = (
			);
			inputPaths = (
				"${PODS_ROOT}/Target Support Files/Pods-CsaldiKltsgvets/Pods-CsaldiKltsgvets-resources.sh",
				"${PODS_CONFIGURATION_BUILD_DIR}/EXConstants/EXConstants.bundle",
				"${PODS_CONFIGURATION_BUILD_DIR}/EXConstants/ExpoConstants_privacy.bundle",
				"${PODS_CONFIGURATION_BUILD_DIR}/ExpoFileSystem/ExpoFileSystem_privacy.bundle",
				"${PODS_CONFIGURATION_BUILD_DIR}/RNCAsyncStorage/RNCAsyncStorage_resources.bundle",
				"${PODS_CONFIGURATION_BUILD_DIR}/React-Core/React-Core_privacy.bundle",
				"${PODS_CONFIGURATION_BUILD_DIR}/React-cxxreact/React-cxxreact_privacy.bundle",
				"${PODS_CONFIGURATION_BUILD_DIR}/SDWebImage/SDWebImage.bundle",
			);
			name = "[CP] Copy Pods Resources";
			outputPaths = (
				"${TARGET_BUILD_DIR}/${UNLOCALIZED_RESOURCES_FOLDER_PATH}/EXConstants.bundle",
				"${TARGET_BUILD_DIR}/${UNLOCALIZED_RESOURCES_FOLDER_PATH}/ExpoConstants_privacy.bundle",
				"${TARGET_BUILD_DIR}/${UNLOCALIZED_RESOURCES_FOLDER_PATH}/ExpoFileSystem_privacy.bundle",
				"${TARGET_BUILD_DIR}/${UNLOCALIZED_RESOURCES_FOLDER_PATH}/RNCAsyncStorage_resources.bundle",
				"${TARGET_BUILD_DIR}/${UNLOCALIZED_RESOURCES_FOLDER_PATH}/React-Core_privacy.bundle",
				"${TARGET_BUILD_DIR}/${UNLOCALIZED_RESOURCES_FOLDER_PATH}/React-cxxreact_privacy.bundle",
				"${TARGET_BUILD_DIR}/${UNLOCALIZED_RESOURCES_FOLDER_PATH}/SDWebImage.bundle",
			);
			runOnlyForDeploymentPostprocessing = 0;
			shellPath = /bin/sh;
			shellScript = "\"${PODS_ROOT}/Target Support Files/Pods-CsaldiKltsgvets/Pods-CsaldiKltsgvets-resources.sh\"\n";
			showEnvVarsInLog = 0;
		};
/* End PBXShellScriptBuildPhase section */

/* Begin PBXSourcesBuildPhase section */
		13B07F871A680F5B00A75B9A /* Sources */ = {
			isa = PBXSourcesBuildPhase;
			buildActionMask = 2147483647;
			files = (
				F11748422D0307B40044C1D9 /* AppDelegate.swift in Sources */,
				0788D9A39216A6A48B290C73 /* ExpoModulesProvider.swift in Sources */,
			);
			runOnlyForDeploymentPostprocessing = 0;
		};
/* End PBXSourcesBuildPhase section */

/* Begin XCBuildConfiguration section */
		13B07F941A680F5B00A75B9A /* Debug */ = {
			isa = XCBuildConfiguration;
			baseConfigurationReference = 2863644E3E59021C9AA414D2 /* Pods-CsaldiKltsgvets.debug.xcconfig */;
			buildSettings = {
				ASSETCATALOG_COMPILER_APPICON_NAME = AppIcon;
				CLANG_ENABLE_MODULES = YES;
				CODE_SIGN_ENTITLEMENTS = CsaldiKltsgvets/CsaldiKltsgvets.entitlements;
				CURRENT_PROJECT_VERSION = 1;
				DEVELOPMENT_TEAM = 66TY7MP862;
				ENABLE_BITCODE = NO;
				GCC_PREPROCESSOR_DEFINITIONS = (
					"$(inherited)",
					"FB_SONARKIT_ENABLED=1",
				);
				INFOPLIST_FILE = CsaldiKltsgvets/Info.plist;
				IPHONEOS_DEPLOYMENT_TARGET = 15.1;
				LD_RUNPATH_SEARCH_PATHS = (
					"$(inherited)",
					"@executable_path/Frameworks",
				);
				MARKETING_VERSION = 1.0;
				OTHER_LDFLAGS = (
					"$(inherited)",
					"-ObjC",
					"-lc++",
				);
				OTHER_SWIFT_FLAGS = "$(inherited) -D EXPO_CONFIGURATION_DEBUG";
				PRODUCT_BUNDLE_IDENTIFIER = com.familybudget.mobile;
				PRODUCT_NAME = CsaldiKltsgvets;
				SWIFT_OBJC_BRIDGING_HEADER = "CsaldiKltsgvets/CsaldiKltsgvets-Bridging-Header.h";
				SWIFT_OPTIMIZATION_LEVEL = "-Onone";
				SWIFT_VERSION = 5.0;
				TARGETED_DEVICE_FAMILY = "1,2";
				VERSIONING_SYSTEM = "apple-generic";
			};
			name = Debug;
		};
		13B07F951A680F5B00A75B9A /* Release */ = {
			isa = XCBuildConfiguration;
			baseConfigurationReference = 100AC38E9F89B1677AC52EE0 /* Pods-CsaldiKltsgvets.release.xcconfig */;
			buildSettings = {
				ASSETCATALOG_COMPILER_APPICON_NAME = AppIcon;
				CLANG_ENABLE_MODULES = YES;
				CODE_SIGN_ENTITLEMENTS = CsaldiKltsgvets/CsaldiKltsgvets.entitlements;
				CURRENT_PROJECT_VERSION = 1;
				DEVELOPMENT_TEAM = 66TY7MP862;
				INFOPLIST_FILE = CsaldiKltsgvets/Info.plist;
				IPHONEOS_DEPLOYMENT_TARGET = 15.1;
				LD_RUNPATH_SEARCH_PATHS = (
					"$(inherited)",
					"@executable_path/Frameworks",
				);
				MARKETING_VERSION = 1.0;
				OTHER_LDFLAGS = (
					"$(inherited)",
					"-ObjC",
					"-lc++",
				);
				OTHER_SWIFT_FLAGS = "$(inherited) -D EXPO_CONFIGURATION_RELEASE";
				PRODUCT_BUNDLE_IDENTIFIER = com.familybudget.mobile;
				PRODUCT_NAME = CsaldiKltsgvets;
				SWIFT_OBJC_BRIDGING_HEADER = "CsaldiKltsgvets/CsaldiKltsgvets-Bridging-Header.h";
				SWIFT_VERSION = 5.0;
				TARGETED_DEVICE_FAMILY = "1,2";
				VERSIONING_SYSTEM = "apple-generic";
			};
			name = Release;
		};
		83CBBA201A601CBA00E9B192 /* Debug */ = {
			isa = XCBuildConfiguration;
			buildSettings = {
				ALWAYS_SEARCH_USER_PATHS = NO;
				CLANG_ANALYZER_LOCALIZABILITY_NONLOCALIZED = YES;
				CLANG_CXX_LANGUAGE_STANDARD = "c++20";
				CLANG_CXX_LIBRARY = "libc++";
				CLANG_ENABLE_MODULES = YES;
				CLANG_ENABLE_OBJC_ARC = YES;
				CLANG_WARN_BLOCK_CAPTURE_AUTORELEASING = YES;
				CLANG_WARN_BOOL_CONVERSION = YES;
				CLANG_WARN_COMMA = YES;
				CLANG_WARN_CONSTANT_CONVERSION = YES;
				CLANG_WARN_DEPRECATED_OBJC_IMPLEMENTATIONS = YES;
				CLANG_WARN_DIRECT_OBJC_ISA_USAGE = YES_ERROR;
				CLANG_WARN_EMPTY_BODY = YES;
				CLANG_WARN_ENUM_CONVERSION = YES;
				CLANG_WARN_INFINITE_RECURSION = YES;
				CLANG_WARN_INT_CONVERSION = YES;
				CLANG_WARN_NON_LITERAL_NULL_CONVERSION = YES;
				CLANG_WARN_OBJC_IMPLICIT_RETAIN_SELF = YES;
				CLANG_WARN_OBJC_LITERAL_CONVERSION = YES;
				CLANG_WARN_OBJC_ROOT_CLASS = YES_ERROR;
				CLANG_WARN_RANGE_LOOP_ANALYSIS = YES;
				CLANG_WARN_STRICT_PROTOTYPES = YES;
				CLANG_WARN_SUSPICIOUS_MOVE = YES;
				CLANG_WARN_UNREACHABLE_CODE = YES;
				CLANG_WARN__DUPLICATE_METHOD_MATCH = YES;
				"CODE_SIGN_IDENTITY[sdk=iphoneos*]" = "iPhone Developer";
				COPY_PHASE_STRIP = NO;
				ENABLE_STRICT_OBJC_MSGSEND = YES;
				ENABLE_TESTABILITY = YES;
				GCC_C_LANGUAGE_STANDARD = gnu99;
				GCC_DYNAMIC_NO_PIC = NO;
				GCC_NO_COMMON_BLOCKS = YES;
				GCC_OPTIMIZATION_LEVEL = 0;
				GCC_PREPROCESSOR_DEFINITIONS = (
					"DEBUG=1",
					"$(inherited)",
				);
				GCC_SYMBOLS_PRIVATE_EXTERN = NO;
				GCC_WARN_64_TO_32_BIT_CONVERSION = YES;
				GCC_WARN_ABOUT_RETURN_TYPE = YES_ERROR;
				GCC_WARN_UNDECLARED_SELECTOR = YES;
				GCC_WARN_UNINITIALIZED_AUTOS = YES_AGGRESSIVE;
				GCC_WARN_UNUSED_FUNCTION = YES;
				GCC_WARN_UNUSED_VARIABLE = YES;
				IPHONEOS_DEPLOYMENT_TARGET = 15.1;
				LD_RUNPATH_SEARCH_PATHS = (
					/usr/lib/swift,
					"$(inherited)",
				);
				LIBRARY_SEARCH_PATHS = "$(SDKROOT)/usr/lib/swift\"$(inherited)\"";
				MTL_ENABLE_DEBUG_INFO = YES;
				ONLY_ACTIVE_ARCH = YES;
				REACT_NATIVE_PATH = "${PODS_ROOT}/../../node_modules/react-native";
				SDKROOT = iphoneos;
				SWIFT_ACTIVE_COMPILATION_CONDITIONS = "$(inherited) DEBUG";
				SWIFT_ENABLE_EXPLICIT_MODULES = NO;
				USE_HERMES = true;
			};
			name = Debug;
		};
		83CBBA211A601CBA00E9B192 /* Release */ = {
			isa = XCBuildConfiguration;
			buildSettings = {
				ALWAYS_SEARCH_USER_PATHS = NO;
				CLANG_ANALYZER_LOCALIZABILITY_NONLOCALIZED = YES;
				CLANG_CXX_LANGUAGE_STANDARD = "c++20";
				CLANG_CXX_LIBRARY = "libc++";
				CLANG_ENABLE_MODULES = YES;
				CLANG_ENABLE_OBJC_ARC = YES;
				CLANG_WARN_BLOCK_CAPTURE_AUTORELEASING = YES;
				CLANG_WARN_BOOL_CONVERSION = YES;
				CLANG_WARN_COMMA = YES;
				CLANG_WARN_CONSTANT_CONVERSION = YES;
				CLANG_WARN_DEPRECATED_OBJC_IMPLEMENTATIONS = YES;
				CLANG_WARN_DIRECT_OBJC_ISA_USAGE = YES_ERROR;
				CLANG_WARN_EMPTY_BODY = YES;
				CLANG_WARN_ENUM_CONVERSION = YES;
				CLANG_WARN_INFINITE_RECURSION = YES;
				CLANG_WARN_INT_CONVERSION = YES;
				CLANG_WARN_NON_LITERAL_NULL_CONVERSION = YES;
				CLANG_WARN_OBJC_IMPLICIT_RETAIN_SELF = YES;
				CLANG_WARN_OBJC_LITERAL_CONVERSION = YES;
				CLANG_WARN_OBJC_ROOT_CLASS = YES_ERROR;
				CLANG_WARN_RANGE_LOOP_ANALYSIS = YES;
				CLANG_WARN_STRICT_PROTOTYPES = YES;
				CLANG_WARN_SUSPICIOUS_MOVE = YES;
				CLANG_WARN_UNREACHABLE_CODE = YES;
				CLANG_WARN__DUPLICATE_METHOD_MATCH = YES;
				"CODE_SIGN_IDENTITY[sdk=iphoneos*]" = "iPhone Developer";
				COPY_PHASE_STRIP = YES;
				ENABLE_NS_ASSERTIONS = NO;
				ENABLE_STRICT_OBJC_MSGSEND = YES;
				GCC_C_LANGUAGE_STANDARD = gnu99;
				GCC_NO_COMMON_BLOCKS = YES;
				GCC_WARN_64_TO_32_BIT_CONVERSION = YES;
				GCC_WARN_ABOUT_RETURN_TYPE = YES_ERROR;
				GCC_WARN_UNDECLARED_SELECTOR = YES;
				GCC_WARN_UNINITIALIZED_AUTOS = YES_AGGRESSIVE;
				GCC_WARN_UNUSED_FUNCTION = YES;
				GCC_WARN_UNUSED_VARIABLE = YES;
				IPHONEOS_DEPLOYMENT_TARGET = 15.1;
				LD_RUNPATH_SEARCH_PATHS = (
					/usr/lib/swift,
					"$(inherited)",
				);
				LIBRARY_SEARCH_PATHS = "$(SDKROOT)/usr/lib/swift\"$(inherited)\"";
				MTL_ENABLE_DEBUG_INFO = NO;
				REACT_NATIVE_PATH = "${PODS_ROOT}/../../node_modules/react-native";
				SDKROOT = iphoneos;
				SWIFT_ENABLE_EXPLICIT_MODULES = NO;
				USE_HERMES = true;
				VALIDATE_PRODUCT = YES;
			};
			name = Release;
		};
/* End XCBuildConfiguration section */

/* Begin XCConfigurationList section */
		13B07F931A680F5B00A75B9A /* Build configuration list for PBXNativeTarget "CsaldiKltsgvets" */ = {
			isa = XCConfigurationList;
			buildConfigurations = (
				13B07F941A680F5B00A75B9A /* Debug */,
				13B07F951A680F5B00A75B9A /* Release */,
			);
			defaultConfigurationIsVisible = 0;
			defaultConfigurationName = Release;
		};
		83CBB9FA1A601CBA00E9B192 /* Build configuration list for PBXProject "CsaldiKltsgvets" */ = {
			isa = XCConfigurationList;
			buildConfigurations = (
				83CBBA201A601CBA00E9B192 /* Debug */,
				83CBBA211A601CBA00E9B192 /* Release */,
			);
			defaultConfigurationIsVisible = 0;
			defaultConfigurationName = Release;
		};
/* End XCConfigurationList section */
	};
	rootObject = 83CBB9F71A601CBA00E9B192 /* Project object */;
}
